{
  "name": "hygieia",
  "lockfileVersion": 2,
  "requires": true,
  "packages": {
    "": {
      "dependencies": {
        "web-bluetooth": "^0.1.2"
      }
    },
    "node_modules/web-bluetooth": {
      "version": "0.1.2",
      "resolved": "https://registry.npmjs.org/web-bluetooth/-/web-bluetooth-0.1.2.tgz",
      "integrity": "sha1-4egatkU0xrJgVNqIxMBf84QoZOQ="
    }
  },
  "dependencies": {
    "web-bluetooth": {
      "version": "0.1.2",
      "resolved": "https://registry.npmjs.org/web-bluetooth/-/web-bluetooth-0.1.2.tgz",
      "integrity": "sha1-4egatkU0xrJgVNqIxMBf84QoZOQ="
    }
  }
}
